{
  "name": "@hyrious/marked-cli",
  "version": "0.2.10",
  "lockfileVersion": 3,
  "requires": true,
  "packages": {
    "": {
      "name": "@hyrious/marked-cli",
      "version": "0.2.10",
      "license": "MIT",
      "bin": {
        "marked-cli": "bin.js"
      },
      "devDependencies": {
        "@highlightjs/cdn-assets": "^11.7.0",
        "@hyrious/github-markdown-css": "^0.1.2",
        "esbuild": "^0.17.8",
        "escape-goat": "^4.0.0",
        "github-slugger": "^2.0.0",
        "js-yaml": "^4.1.0",
        "katex": "^0.16.4",
        "markdown-it-emoji": "^2.0.2",
        "marked": "^4.2.12",
        "marked-linkify-it": "^3.0.1",
        "mermaid": "^9.3.0",
        "mrmime": "^1.0.1",
        "pretty-bytes": "^6.1.0"
      }
    },
    "node_modules/@braintree/sanitize-url": {
      "version": "6.0.2",
      "resolved": "https://registry.npmjs.org/@braintree/sanitize-url/-/sanitize-url-6.0.2.tgz",
      "integrity": "sha512-Tbsj02wXCbqGmzdnXNk0SOF19ChhRU70BsroIi4Pm6Ehp56in6vch94mfbdQ17DozxkL3BAVjbZ4Qc1a0HFRAg==",
      "dev": true
    },
    "node_modules/@esbuild/android-arm": {
      "version": "0.17.8",
      "resolved": "https://registry.npmjs.org/@esbuild/android-arm/-/android-arm-0.17.8.tgz",
      "integrity": "sha512-0/rb91GYKhrtbeglJXOhAv9RuYimgI8h623TplY2X+vA4EXnk3Zj1fXZreJ0J3OJJu1bwmb0W7g+2cT/d8/l/w==",
      "cpu": [
        "arm"
      ],
      "dev": true,
      "optional": true,
      "os": [
        "android"
      ],
      "engines": {
        "node": ">=12"
      }
    },
    "node_modules/@esbuild/android-arm64": {
      "version": "0.17.8",
      "resolved": "https://registry.npmjs.org/@esbuild/android-arm64/-/android-arm64-0.17.8.tgz",
      "integrity": "sha512-oa/N5j6v1svZQs7EIRPqR8f+Bf8g6HBDjD/xHC02radE/NjKHK7oQmtmLxPs1iVwYyvE+Kolo6lbpfEQ9xnhxQ==",
      "cpu": [
        "arm64"
      ],
      "dev": true,
      "optional": true,
      "os": [
        "android"
      ],
      "engines": {
        "node": ">=12"
      }
    },
    "node_modules/@esbuild/android-x64": {
      "version": "0.17.8",
      "resolved": "https://registry.npmjs.org/@esbuild/android-x64/-/android-x64-0.17.8.tgz",
      "integrity": "sha512-bTliMLqD7pTOoPg4zZkXqCDuzIUguEWLpeqkNfC41ODBHwoUgZ2w5JBeYimv4oP6TDVocoYmEhZrCLQTrH89bg==",
      "cpu": [
        "x64"
      ],
      "dev": true,
      "optional": true,
      "os": [
        "android"
      ],
      "engines": {
        "node": ">=12"
      }
    },
    "node_modules/@esbuild/darwin-arm64": {
      "version": "0.17.8",
      "resolved": "https://registry.npmjs.org/@esbuild/darwin-arm64/-/darwin-arm64-0.17.8.tgz",
      "integrity": "sha512-ghAbV3ia2zybEefXRRm7+lx8J/rnupZT0gp9CaGy/3iolEXkJ6LYRq4IpQVI9zR97ID80KJVoUlo3LSeA/sMAg==",
      "cpu": [
        "arm64"
      ],
      "dev": true,
      "optional": true,
      "os": [
        "darwin"
      ],
      "engines": {
        "node": ">=12"
      }
    },
    "node_modules/@esbuild/darwin-x64": {
      "version": "0.17.8",
      "resolved": "https://registry.npmjs.org/@esbuild/darwin-x64/-/darwin-x64-0.17.8.tgz",
      "integrity": "sha512-n5WOpyvZ9TIdv2V1K3/iIkkJeKmUpKaCTdun9buhGRWfH//osmUjlv4Z5mmWdPWind/VGcVxTHtLfLCOohsOXw==",
      "cpu": [
        "x64"
      ],
      "dev": true,
      "optional": true,
      "os": [
        "darwin"
      ],
      "engines": {
        "node": ">=12"
      }
    },
    "node_modules/@esbuild/freebsd-arm64": {
      "version": "0.17.8",
      "resolved": "https://registry.npmjs.org/@esbuild/freebsd-arm64/-/freebsd-arm64-0.17.8.tgz",
      "integrity": "sha512-a/SATTaOhPIPFWvHZDoZYgxaZRVHn0/LX1fHLGfZ6C13JqFUZ3K6SMD6/HCtwOQ8HnsNaEeokdiDSFLuizqv5A==",
      "cpu": [
        "arm64"
      ],
      "dev": true,
      "optional": true,
      "os": [
        "freebsd"
      ],
      "engines": {
        "node": ">=12"
      }
    },
    "node_modules/@esbuild/freebsd-x64": {
      "version": "0.17.8",
      "resolved": "https://registry.npmjs.org/@esbuild/freebsd-x64/-/freebsd-x64-0.17.8.tgz",
      "integrity": "sha512-xpFJb08dfXr5+rZc4E+ooZmayBW6R3q59daCpKZ/cDU96/kvDM+vkYzNeTJCGd8rtO6fHWMq5Rcv/1cY6p6/0Q==",
      "cpu": [
        "x64"
      ],
      "dev": true,
      "optional": true,
      "os": [
        "freebsd"
      ],
      "engines": {
        "node": ">=12"
      }
    },
    "node_modules/@esbuild/linux-arm": {
      "version": "0.17.8",
      "resolved": "https://registry.npmjs.org/@esbuild/linux-arm/-/linux-arm-0.17.8.tgz",
      "integrity": "sha512-6Ij8gfuGszcEwZpi5jQIJCVIACLS8Tz2chnEBfYjlmMzVsfqBP1iGmHQPp7JSnZg5xxK9tjCc+pJ2WtAmPRFVA==",
      "cpu": [
        "arm"
      ],
      "dev": true,
      "optional": true,
      "os": [
        "linux"
      ],
      "engines": {
        "node": ">=12"
      }
    },
    "node_modules/@esbuild/linux-arm64": {
      "version": "0.17.8",
      "resolved": "https://registry.npmjs.org/@esbuild/linux-arm64/-/linux-arm64-0.17.8.tgz",
      "integrity": "sha512-v3iwDQuDljLTxpsqQDl3fl/yihjPAyOguxuloON9kFHYwopeJEf1BkDXODzYyXEI19gisEsQlG1bM65YqKSIww==",
      "cpu": [
        "arm64"
      ],
      "dev": true,
      "optional": true,
      "os": [
        "linux"
      ],
      "engines": {
        "node": ">=12"
      }
    },
    "node_modules/@esbuild/linux-ia32": {
      "version": "0.17.8",
      "resolved": "https://registry.npmjs.org/@esbuild/linux-ia32/-/linux-ia32-0.17.8.tgz",
      "integrity": "sha512-8svILYKhE5XetuFk/B6raFYIyIqydQi+GngEXJgdPdI7OMKUbSd7uzR02wSY4kb53xBrClLkhH4Xs8P61Q2BaA==",
      "cpu": [
        "ia32"
      ],
      "dev": true,
      "optional": true,
      "os": [
        "linux"
      ],
      "engines": {
        "node": ">=12"
      }
    },
    "node_modules/@esbuild/linux-loong64": {
      "version": "0.17.8",
      "resolved": "https://registry.npmjs.org/@esbuild/linux-loong64/-/linux-loong64-0.17.8.tgz",
      "integrity": "sha512-B6FyMeRJeV0NpyEOYlm5qtQfxbdlgmiGdD+QsipzKfFky0K5HW5Td6dyK3L3ypu1eY4kOmo7wW0o94SBqlqBSA==",
      "cpu": [
        "loong64"
      ],
      "dev": true,
      "optional": true,
      "os": [
        "linux"
      ],
      "engines": {
        "node": ">=12"
      }
    },
    "node_modules/@esbuild/linux-mips64el": {
      "version": "0.17.8",
      "resolved": "https://registry.npmjs.org/@esbuild/linux-mips64el/-/linux-mips64el-0.17.8.tgz",
      "integrity": "sha512-CCb67RKahNobjm/eeEqeD/oJfJlrWyw29fgiyB6vcgyq97YAf3gCOuP6qMShYSPXgnlZe/i4a8WFHBw6N8bYAA==",
      "cpu": [
        "mips64el"
      ],
      "dev": true,
      "optional": true,
      "os": [
        "linux"
      ],
      "engines": {
        "node": ">=12"
      }
    },
    "node_modules/@esbuild/linux-ppc64": {
      "version": "0.17.8",
      "resolved": "https://registry.npmjs.org/@esbuild/linux-ppc64/-/linux-ppc64-0.17.8.tgz",
      "integrity": "sha512-bytLJOi55y55+mGSdgwZ5qBm0K9WOCh0rx+vavVPx+gqLLhxtSFU0XbeYy/dsAAD6xECGEv4IQeFILaSS2auXw==",
      "cpu": [
        "ppc64"
      ],
      "dev": true,
      "optional": true,
      "os": [
        "linux"
      ],
      "engines": {
        "node": ">=12"
      }
    },
    "node_modules/@esbuild/linux-riscv64": {
      "version": "0.17.8",
      "resolved": "https://registry.npmjs.org/@esbuild/linux-riscv64/-/linux-riscv64-0.17.8.tgz",
      "integrity": "sha512-2YpRyQJmKVBEHSBLa8kBAtbhucaclb6ex4wchfY0Tj3Kg39kpjeJ9vhRU7x4mUpq8ISLXRXH1L0dBYjAeqzZAw==",
      "cpu": [
        "riscv64"
      ],
      "dev": true,
      "optional": true,
      "os": [
        "linux"
      ],
      "engines": {
        "node": ">=12"
      }
    },
    "node_modules/@esbuild/linux-s390x": {
      "version": "0.17.8",
      "resolved": "https://registry.npmjs.org/@esbuild/linux-s390x/-/linux-s390x-0.17.8.tgz",
      "integrity": "sha512-QgbNY/V3IFXvNf11SS6exkpVcX0LJcob+0RWCgV9OiDAmVElnxciHIisoSix9uzYzScPmS6dJFbZULdSAEkQVw==",
      "cpu": [
        "s390x"
      ],
      "dev": true,
      "optional": true,
      "os": [
        "linux"
      ],
      "engines": {
        "node": ">=12"
      }
    },
    "node_modules/@esbuild/linux-x64": {
      "version": "0.17.8",
      "resolved": "https://registry.npmjs.org/@esbuild/linux-x64/-/linux-x64-0.17.8.tgz",
      "integrity": "sha512-mM/9S0SbAFDBc4OPoyP6SEOo5324LpUxdpeIUUSrSTOfhHU9hEfqRngmKgqILqwx/0DVJBzeNW7HmLEWp9vcOA==",
      "cpu": [
        "x64"
      ],
      "dev": true,
      "optional": true,
      "os": [
        "linux"
      ],
      "engines": {
        "node": ">=12"
      }
    },
    "node_modules/@esbuild/netbsd-x64": {
      "version": "0.17.8",
      "resolved": "https://registry.npmjs.org/@esbuild/netbsd-x64/-/netbsd-x64-0.17.8.tgz",
      "integrity": "sha512-eKUYcWaWTaYr9zbj8GertdVtlt1DTS1gNBWov+iQfWuWyuu59YN6gSEJvFzC5ESJ4kMcKR0uqWThKUn5o8We6Q==",
      "cpu": [
        "x64"
      ],
      "dev": true,
      "optional": true,
      "os": [
        "netbsd"
      ],
      "engines": {
        "node": ">=12"
      }
    },
    "node_modules/@esbuild/openbsd-x64": {
      "version": "0.17.8",
      "resolved": "https://registry.npmjs.org/@esbuild/openbsd-x64/-/openbsd-x64-0.17.8.tgz",
      "integrity": "sha512-Vc9J4dXOboDyMXKD0eCeW0SIeEzr8K9oTHJU+Ci1mZc5njPfhKAqkRt3B/fUNU7dP+mRyralPu8QUkiaQn7iIg==",
      "cpu": [
        "x64"
      ],
      "dev": true,
      "optional": true,
      "os": [
        "openbsd"
      ],
      "engines": {
        "node": ">=12"
      }
    },
    "node_modules/@esbuild/sunos-x64": {
      "version": "0.17.8",
      "resolved": "https://registry.npmjs.org/@esbuild/sunos-x64/-/sunos-x64-0.17.8.tgz",
      "integrity": "sha512-0xvOTNuPXI7ft1LYUgiaXtpCEjp90RuBBYovdd2lqAFxje4sEucurg30M1WIm03+3jxByd3mfo+VUmPtRSVuOw==",
      "cpu": [
        "x64"
      ],
      "dev": true,
      "optional": true,
      "os": [
        "sunos"
      ],
      "engines": {
        "node": ">=12"
      }
    },
    "node_modules/@esbuild/win32-arm64": {
      "version": "0.17.8",
      "resolved": "https://registry.npmjs.org/@esbuild/win32-arm64/-/win32-arm64-0.17.8.tgz",
      "integrity": "sha512-G0JQwUI5WdEFEnYNKzklxtBheCPkuDdu1YrtRrjuQv30WsYbkkoixKxLLv8qhJmNI+ATEWquZe/N0d0rpr55Mg==",
      "cpu": [
        "arm64"
      ],
      "dev": true,
      "optional": true,
      "os": [
        "win32"
      ],
      "engines": {
        "node": ">=12"
      }
    },
    "node_modules/@esbuild/win32-ia32": {
      "version": "0.17.8",
      "resolved": "https://registry.npmjs.org/@esbuild/win32-ia32/-/win32-ia32-0.17.8.tgz",
      "integrity": "sha512-Fqy63515xl20OHGFykjJsMnoIWS+38fqfg88ClvPXyDbLtgXal2DTlhb1TfTX34qWi3u4I7Cq563QcHpqgLx8w==",
      "cpu": [
        "ia32"
      ],
      "dev": true,
      "optional": true,
      "os": [
        "win32"
      ],
      "engines": {
        "node": ">=12"
      }
    },
    "node_modules/@esbuild/win32-x64": {
      "version": "0.17.8",
      "resolved": "https://registry.npmjs.org/@esbuild/win32-x64/-/win32-x64-0.17.8.tgz",
      "integrity": "sha512-1iuezdyDNngPnz8rLRDO2C/ZZ/emJLb72OsZeqQ6gL6Avko/XCXZw+NuxBSNhBAP13Hie418V7VMt9et1FMvpg==",
      "cpu": [
        "x64"
      ],
      "dev": true,
      "optional": true,
      "os": [
        "win32"
      ],
      "engines": {
        "node": ">=12"
      }
    },
    "node_modules/@highlightjs/cdn-assets": {
      "version": "11.7.0",
      "resolved": "https://registry.npmjs.org/@highlightjs/cdn-assets/-/cdn-assets-11.7.0.tgz",
      "integrity": "sha512-FNBhxhkI18qDA+SbUc6560d8N20WWBdUjalTKeZExV4eQaPAreEXQILj8QpAuBWJMUC4pD0/MzdEyI3+urJlSQ==",
      "dev": true,
      "engines": {
        "node": ">=12.0.0"
      }
    },
    "node_modules/@hyrious/github-markdown-css": {
      "version": "0.1.2",
      "resolved": "https://registry.npmjs.org/@hyrious/github-markdown-css/-/github-markdown-css-0.1.2.tgz",
      "integrity": "sha512-nf2wsgkCxwT+ZF/liKRes/X7w2v1cd7yK9cHiNPdfsnXSGjrAYmH5Yoly7GsWS74qAx6nt7jw6VlTC39a8ZxAQ==",
      "dev": true
    },
    "node_modules/argparse": {
      "version": "2.0.1",
      "resolved": "https://registry.npmjs.org/argparse/-/argparse-2.0.1.tgz",
      "integrity": "sha512-8+9WqebbFzpX9OR+Wa6O29asIogeRMzcGtAINdpMHHyAg10f05aSFVBbcEqGf/PXw1EjAZ+q2/bEBg3DvurK3Q==",
      "dev": true
    },
    "node_modules/commander": {
      "version": "8.3.0",
      "resolved": "https://registry.npmjs.org/commander/-/commander-8.3.0.tgz",
      "integrity": "sha512-OkTL9umf+He2DZkUq8f8J9of7yL6RJKI24dVITBmNfZBmri9zYZQrKkuXiKhyfPSu8tUhnVBB1iKXevvnlR4Ww==",
      "dev": true,
      "engines": {
        "node": ">= 12"
      }
    },
    "node_modules/d3": {
      "version": "7.8.2",
      "resolved": "https://registry.npmjs.org/d3/-/d3-7.8.2.tgz",
      "integrity": "sha512-WXty7qOGSHb7HR7CfOzwN1Gw04MUOzN8qh9ZUsvwycIMb4DYMpY9xczZ6jUorGtO6bR9BPMPaueIKwiDxu9uiQ==",
      "dev": true,
      "dependencies": {
        "d3-array": "3",
        "d3-axis": "3",
        "d3-brush": "3",
        "d3-chord": "3",
        "d3-color": "3",
        "d3-contour": "4",
        "d3-delaunay": "6",
        "d3-dispatch": "3",
        "d3-drag": "3",
        "d3-dsv": "3",
        "d3-ease": "3",
        "d3-fetch": "3",
        "d3-force": "3",
        "d3-format": "3",
        "d3-geo": "3",
        "d3-hierarchy": "3",
        "d3-interpolate": "3",
        "d3-path": "3",
        "d3-polygon": "3",
        "d3-quadtree": "3",
        "d3-random": "3",
        "d3-scale": "4",
        "d3-scale-chromatic": "3",
        "d3-selection": "3",
        "d3-shape": "3",
        "d3-time": "3",
        "d3-time-format": "4",
        "d3-timer": "3",
        "d3-transition": "3",
        "d3-zoom": "3"
      },
      "engines": {
        "node": ">=12"
      }
    },
    "node_modules/d3-array": {
      "version": "3.2.1",
      "resolved": "https://registry.npmjs.org/d3-array/-/d3-array-3.2.1.tgz",
      "integrity": "sha512-gUY/qeHq/yNqqoCKNq4vtpFLdoCdvyNpWoC/KNjhGbhDuQpAM9sIQQKkXSNpXa9h5KySs/gzm7R88WkUutgwWQ==",
      "dev": true,
      "dependencies": {
        "internmap": "1 - 2"
      },
      "engines": {
        "node": ">=12"
      }
    },
    "node_modules/d3-axis": {
      "version": "3.0.0",
      "resolved": "https://registry.npmjs.org/d3-axis/-/d3-axis-3.0.0.tgz",
      "integrity": "sha512-IH5tgjV4jE/GhHkRV0HiVYPDtvfjHQlQfJHs0usq7M30XcSBvOotpmH1IgkcXsO/5gEQZD43B//fc7SRT5S+xw==",
      "dev": true,
      "engines": {
        "node": ">=12"
      }
    },
    "node_modules/d3-brush": {
      "version": "3.0.0",
      "resolved": "https://registry.npmjs.org/d3-brush/-/d3-brush-3.0.0.tgz",
      "integrity": "sha512-ALnjWlVYkXsVIGlOsuWH1+3udkYFI48Ljihfnh8FZPF2QS9o+PzGLBslO0PjzVoHLZ2KCVgAM8NVkXPJB2aNnQ==",
      "dev": true,
      "dependencies": {
        "d3-dispatch": "1 - 3",
        "d3-drag": "2 - 3",
        "d3-interpolate": "1 - 3",
        "d3-selection": "3",
        "d3-transition": "3"
      },
      "engines": {
        "node": ">=12"
      }
    },
    "node_modules/d3-chord": {
      "version": "3.0.1",
      "resolved": "https://registry.npmjs.org/d3-chord/-/d3-chord-3.0.1.tgz",
      "integrity": "sha512-VE5S6TNa+j8msksl7HwjxMHDM2yNK3XCkusIlpX5kwauBfXuyLAtNg9jCp/iHH61tgI4sb6R/EIMWCqEIdjT/g==",
      "dev": true,
      "dependencies": {
        "d3-path": "1 - 3"
      },
      "engines": {
        "node": ">=12"
      }
    },
    "node_modules/d3-color": {
      "version": "3.1.0",
      "resolved": "https://registry.npmjs.org/d3-color/-/d3-color-3.1.0.tgz",
      "integrity": "sha512-zg/chbXyeBtMQ1LbD/WSoW2DpC3I0mpmPdW+ynRTj/x2DAWYrIY7qeZIHidozwV24m4iavr15lNwIwLxRmOxhA==",
      "dev": true,
      "engines": {
        "node": ">=12"
      }
    },
    "node_modules/d3-contour": {
      "version": "4.0.0",
      "resolved": "https://registry.npmjs.org/d3-contour/-/d3-contour-4.0.0.tgz",
      "integrity": "sha512-7aQo0QHUTu/Ko3cP9YK9yUTxtoDEiDGwnBHyLxG5M4vqlBkO/uixMRele3nfsfj6UXOcuReVpVXzAboGraYIJw==",
      "dev": true,
      "dependencies": {
        "d3-array": "^3.2.0"
      },
      "engines": {
        "node": ">=12"
      }
    },
    "node_modules/d3-delaunay": {
      "version": "6.0.2",
      "resolved": "https://registry.npmjs.org/d3-delaunay/-/d3-delaunay-6.0.2.tgz",
      "integrity": "sha512-IMLNldruDQScrcfT+MWnazhHbDJhcRJyOEBAJfwQnHle1RPh6WDuLvxNArUju2VSMSUuKlY5BGHRJ2cYyoFLQQ==",
      "dev": true,
      "dependencies": {
        "delaunator": "5"
      },
      "engines": {
        "node": ">=12"
      }
    },
    "node_modules/d3-dispatch": {
      "version": "3.0.1",
      "resolved": "https://registry.npmjs.org/d3-dispatch/-/d3-dispatch-3.0.1.tgz",
      "integrity": "sha512-rzUyPU/S7rwUflMyLc1ETDeBj0NRuHKKAcvukozwhshr6g6c5d8zh4c2gQjY2bZ0dXeGLWc1PF174P2tVvKhfg==",
      "dev": true,
      "engines": {
        "node": ">=12"
      }
    },
    "node_modules/d3-drag": {
      "version": "3.0.0",
      "resolved": "https://registry.npmjs.org/d3-drag/-/d3-drag-3.0.0.tgz",
      "integrity": "sha512-pWbUJLdETVA8lQNJecMxoXfH6x+mO2UQo8rSmZ+QqxcbyA3hfeprFgIT//HW2nlHChWeIIMwS2Fq+gEARkhTkg==",
      "dev": true,
      "dependencies": {
        "d3-dispatch": "1 - 3",
        "d3-selection": "3"
      },
      "engines": {
        "node": ">=12"
      }
    },
    "node_modules/d3-dsv": {
      "version": "3.0.1",
      "resolved": "https://registry.npmjs.org/d3-dsv/-/d3-dsv-3.0.1.tgz",
      "integrity": "sha512-UG6OvdI5afDIFP9w4G0mNq50dSOsXHJaRE8arAS5o9ApWnIElp8GZw1Dun8vP8OyHOZ/QJUKUJwxiiCCnUwm+Q==",
      "dev": true,
      "dependencies": {
        "commander": "7",
        "iconv-lite": "0.6",
        "rw": "1"
      },
      "bin": {
        "csv2json": "bin/dsv2json.js",
        "csv2tsv": "bin/dsv2dsv.js",
        "dsv2dsv": "bin/dsv2dsv.js",
        "dsv2json": "bin/dsv2json.js",
        "json2csv": "bin/json2dsv.js",
        "json2dsv": "bin/json2dsv.js",
        "json2tsv": "bin/json2dsv.js",
        "tsv2csv": "bin/dsv2dsv.js",
        "tsv2json": "bin/dsv2json.js"
      },
      "engines": {
        "node": ">=12"
      }
    },
    "node_modules/d3-dsv/node_modules/commander": {
      "version": "7.2.0",
      "resolved": "https://registry.npmjs.org/commander/-/commander-7.2.0.tgz",
      "integrity": "sha512-QrWXB+ZQSVPmIWIhtEO9H+gwHaMGYiF5ChvoJ+K9ZGHG/sVsa6yiesAD1GC/x46sET00Xlwo1u49RVVVzvcSkw==",
      "dev": true,
      "engines": {
        "node": ">= 10"
      }
    },
    "node_modules/d3-ease": {
      "version": "3.0.1",
      "resolved": "https://registry.npmjs.org/d3-ease/-/d3-ease-3.0.1.tgz",
      "integrity": "sha512-wR/XK3D3XcLIZwpbvQwQ5fK+8Ykds1ip7A2Txe0yxncXSdq1L9skcG7blcedkOX+ZcgxGAmLX1FrRGbADwzi0w==",
      "dev": true,
      "engines": {
        "node": ">=12"
      }
    },
    "node_modules/d3-fetch": {
      "version": "3.0.1",
      "resolved": "https://registry.npmjs.org/d3-fetch/-/d3-fetch-3.0.1.tgz",
      "integrity": "sha512-kpkQIM20n3oLVBKGg6oHrUchHM3xODkTzjMoj7aWQFq5QEM+R6E4WkzT5+tojDY7yjez8KgCBRoj4aEr99Fdqw==",
      "dev": true,
      "dependencies": {
        "d3-dsv": "1 - 3"
      },
      "engines": {
        "node": ">=12"
      }
    },
    "node_modules/d3-force": {
      "version": "3.0.0",
      "resolved": "https://registry.npmjs.org/d3-force/-/d3-force-3.0.0.tgz",
      "integrity": "sha512-zxV/SsA+U4yte8051P4ECydjD/S+qeYtnaIyAs9tgHCqfguma/aAQDjo85A9Z6EKhBirHRJHXIgJUlffT4wdLg==",
      "dev": true,
      "dependencies": {
        "d3-dispatch": "1 - 3",
        "d3-quadtree": "1 - 3",
        "d3-timer": "1 - 3"
      },
      "engines": {
        "node": ">=12"
      }
    },
    "node_modules/d3-format": {
      "version": "3.1.0",
      "resolved": "https://registry.npmjs.org/d3-format/-/d3-format-3.1.0.tgz",
      "integrity": "sha512-YyUI6AEuY/Wpt8KWLgZHsIU86atmikuoOmCfommt0LYHiQSPjvX2AcFc38PX0CBpr2RCyZhjex+NS/LPOv6YqA==",
      "dev": true,
      "engines": {
        "node": ">=12"
      }
    },
    "node_modules/d3-geo": {
      "version": "3.0.1",
      "resolved": "https://registry.npmjs.org/d3-geo/-/d3-geo-3.0.1.tgz",
      "integrity": "sha512-Wt23xBych5tSy9IYAM1FR2rWIBFWa52B/oF/GYe5zbdHrg08FU8+BuI6X4PvTwPDdqdAdq04fuWJpELtsaEjeA==",
      "dev": true,
      "dependencies": {
        "d3-array": "2.5.0 - 3"
      },
      "engines": {
        "node": ">=12"
      }
    },
    "node_modules/d3-hierarchy": {
      "version": "3.1.2",
      "resolved": "https://registry.npmjs.org/d3-hierarchy/-/d3-hierarchy-3.1.2.tgz",
      "integrity": "sha512-FX/9frcub54beBdugHjDCdikxThEqjnR93Qt7PvQTOHxyiNCAlvMrHhclk3cD5VeAaq9fxmfRp+CnWw9rEMBuA==",
      "dev": true,
      "engines": {
        "node": ">=12"
      }
    },
    "node_modules/d3-interpolate": {
      "version": "3.0.1",
      "resolved": "https://registry.npmjs.org/d3-interpolate/-/d3-interpolate-3.0.1.tgz",
      "integrity": "sha512-3bYs1rOD33uo8aqJfKP3JWPAibgw8Zm2+L9vBKEHJ2Rg+viTR7o5Mmv5mZcieN+FRYaAOWX5SJATX6k1PWz72g==",
      "dev": true,
      "dependencies": {
        "d3-color": "1 - 3"
      },
      "engines": {
        "node": ">=12"
      }
    },
    "node_modules/d3-path": {
      "version": "3.0.1",
      "resolved": "https://registry.npmjs.org/d3-path/-/d3-path-3.0.1.tgz",
      "integrity": "sha512-gq6gZom9AFZby0YLduxT1qmrp4xpBA1YZr19OI717WIdKE2OM5ETq5qrHLb301IgxhLwcuxvGZVLeeWc/k1I6w==",
      "dev": true,
      "engines": {
        "node": ">=12"
      }
    },
    "node_modules/d3-polygon": {
      "version": "3.0.1",
      "resolved": "https://registry.npmjs.org/d3-polygon/-/d3-polygon-3.0.1.tgz",
      "integrity": "sha512-3vbA7vXYwfe1SYhED++fPUQlWSYTTGmFmQiany/gdbiWgU/iEyQzyymwL9SkJjFFuCS4902BSzewVGsHHmHtXg==",
      "dev": true,
      "engines": {
        "node": ">=12"
      }
    },
    "node_modules/d3-quadtree": {
      "version": "3.0.1",
      "resolved": "https://registry.npmjs.org/d3-quadtree/-/d3-quadtree-3.0.1.tgz",
      "integrity": "sha512-04xDrxQTDTCFwP5H6hRhsRcb9xxv2RzkcsygFzmkSIOJy3PeRJP7sNk3VRIbKXcog561P9oU0/rVH6vDROAgUw==",
      "dev": true,
      "engines": {
        "node": ">=12"
      }
    },
    "node_modules/d3-random": {
      "version": "3.0.1",
      "resolved": "https://registry.npmjs.org/d3-random/-/d3-random-3.0.1.tgz",
      "integrity": "sha512-FXMe9GfxTxqd5D6jFsQ+DJ8BJS4E/fT5mqqdjovykEB2oFbTMDVdg1MGFxfQW+FBOGoB++k8swBrgwSHT1cUXQ==",
      "dev": true,
      "engines": {
        "node": ">=12"
      }
    },
    "node_modules/d3-scale": {
      "version": "4.0.2",
      "resolved": "https://registry.npmjs.org/d3-scale/-/d3-scale-4.0.2.tgz",
      "integrity": "sha512-GZW464g1SH7ag3Y7hXjf8RoUuAFIqklOAq3MRl4OaWabTFJY9PN/E1YklhXLh+OQ3fM9yS2nOkCoS+WLZ6kvxQ==",
      "dev": true,
      "dependencies": {
        "d3-array": "2.10.0 - 3",
        "d3-format": "1 - 3",
        "d3-interpolate": "1.2.0 - 3",
        "d3-time": "2.1.1 - 3",
        "d3-time-format": "2 - 4"
      },
      "engines": {
        "node": ">=12"
      }
    },
    "node_modules/d3-scale-chromatic": {
      "version": "3.0.0",
      "resolved": "https://registry.npmjs.org/d3-scale-chromatic/-/d3-scale-chromatic-3.0.0.tgz",
      "integrity": "sha512-Lx9thtxAKrO2Pq6OO2Ua474opeziKr279P/TKZsMAhYyNDD3EnCffdbgeSYN5O7m2ByQsxtuP2CSDczNUIZ22g==",
      "dev": true,
      "dependencies": {
        "d3-color": "1 - 3",
        "d3-interpolate": "1 - 3"
      },
      "engines": {
        "node": ">=12"
      }
    },
    "node_modules/d3-selection": {
      "version": "3.0.0",
      "resolved": "https://registry.npmjs.org/d3-selection/-/d3-selection-3.0.0.tgz",
      "integrity": "sha512-fmTRWbNMmsmWq6xJV8D19U/gw/bwrHfNXxrIN+HfZgnzqTHp9jOmKMhsTUjXOJnZOdZY9Q28y4yebKzqDKlxlQ==",
      "dev": true,
      "engines": {
        "node": ">=12"
      }
    },
    "node_modules/d3-shape": {
      "version": "3.1.0",
      "resolved": "https://registry.npmjs.org/d3-shape/-/d3-shape-3.1.0.tgz",
      "integrity": "sha512-tGDh1Muf8kWjEDT/LswZJ8WF85yDZLvVJpYU9Nq+8+yW1Z5enxrmXOhTArlkaElU+CTn0OTVNli+/i+HP45QEQ==",
      "dev": true,
      "dependencies": {
        "d3-path": "1 - 3"
      },
      "engines": {
        "node": ">=12"
      }
    },
    "node_modules/d3-time": {
      "version": "3.1.0",
      "resolved": "https://registry.npmjs.org/d3-time/-/d3-time-3.1.0.tgz",
      "integrity": "sha512-VqKjzBLejbSMT4IgbmVgDjpkYrNWUYJnbCGo874u7MMKIWsILRX+OpX/gTk8MqjpT1A/c6HY2dCA77ZN0lkQ2Q==",
      "dev": true,
      "dependencies": {
        "d3-array": "2 - 3"
      },
      "engines": {
        "node": ">=12"
      }
    },
    "node_modules/d3-time-format": {
      "version": "4.1.0",
      "resolved": "https://registry.npmjs.org/d3-time-format/-/d3-time-format-4.1.0.tgz",
      "integrity": "sha512-dJxPBlzC7NugB2PDLwo9Q8JiTR3M3e4/XANkreKSUxF8vvXKqm1Yfq4Q5dl8budlunRVlUUaDUgFt7eA8D6NLg==",
      "dev": true,
      "dependencies": {
        "d3-time": "1 - 3"
      },
      "engines": {
        "node": ">=12"
      }
    },
    "node_modules/d3-timer": {
      "version": "3.0.1",
      "resolved": "https://registry.npmjs.org/d3-timer/-/d3-timer-3.0.1.tgz",
      "integrity": "sha512-ndfJ/JxxMd3nw31uyKoY2naivF+r29V+Lc0svZxe1JvvIRmi8hUsrMvdOwgS1o6uBHmiz91geQ0ylPP0aj1VUA==",
      "dev": true,
      "engines": {
        "node": ">=12"
      }
    },
    "node_modules/d3-transition": {
      "version": "3.0.1",
      "resolved": "https://registry.npmjs.org/d3-transition/-/d3-transition-3.0.1.tgz",
      "integrity": "sha512-ApKvfjsSR6tg06xrL434C0WydLr7JewBB3V+/39RMHsaXTOG0zmt/OAXeng5M5LBm0ojmxJrpomQVZ1aPvBL4w==",
      "dev": true,
      "dependencies": {
        "d3-color": "1 - 3",
        "d3-dispatch": "1 - 3",
        "d3-ease": "1 - 3",
        "d3-interpolate": "1 - 3",
        "d3-timer": "1 - 3"
      },
      "engines": {
        "node": ">=12"
      },
      "peerDependencies": {
        "d3-selection": "2 - 3"
      }
    },
    "node_modules/d3-zoom": {
      "version": "3.0.0",
      "resolved": "https://registry.npmjs.org/d3-zoom/-/d3-zoom-3.0.0.tgz",
      "integrity": "sha512-b8AmV3kfQaqWAuacbPuNbL6vahnOJflOhexLzMMNLga62+/nh0JzvJ0aO/5a5MVgUFGS7Hu1P9P03o3fJkDCyw==",
      "dev": true,
      "dependencies": {
        "d3-dispatch": "1 - 3",
        "d3-drag": "2 - 3",
        "d3-interpolate": "1 - 3",
        "d3-selection": "2 - 3",
        "d3-transition": "2 - 3"
      },
      "engines": {
        "node": ">=12"
      }
    },
    "node_modules/dagre-d3-es": {
      "version": "7.0.8",
      "resolved": "https://registry.npmjs.org/dagre-d3-es/-/dagre-d3-es-7.0.8.tgz",
      "integrity": "sha512-eykdoYQ4FwCJinEYS0gPL2f2w+BPbSLvnQSJ3Ye1vAoPjdkq6xIMKBv+UkICd3qZE26wBKIn3p+6n0QC7R1LyA==",
      "dev": true,
      "dependencies": {
        "d3": "^7.8.2",
        "lodash-es": "^4.17.21"
      }
    },
    "node_modules/delaunator": {
      "version": "5.0.0",
      "resolved": "https://registry.npmjs.org/delaunator/-/delaunator-5.0.0.tgz",
      "integrity": "sha512-AyLvtyJdbv/U1GkiS6gUUzclRoAY4Gs75qkMygJJhU75LW4DNuSF2RMzpxs9jw9Oz1BobHjTdkG3zdP55VxAqw==",
      "dev": true,
      "dependencies": {
        "robust-predicates": "^3.0.0"
      }
    },
    "node_modules/dompurify": {
      "version": "2.4.1",
      "resolved": "https://registry.npmjs.org/dompurify/-/dompurify-2.4.1.tgz",
      "integrity": "sha512-ewwFzHzrrneRjxzmK6oVz/rZn9VWspGFRDb4/rRtIsM1n36t9AKma/ye8syCpcw+XJ25kOK/hOG7t1j2I2yBqA==",
      "dev": true
    },
    "node_modules/esbuild": {
      "version": "0.17.8",
      "resolved": "https://registry.npmjs.org/esbuild/-/esbuild-0.17.8.tgz",
      "integrity": "sha512-g24ybC3fWhZddZK6R3uD2iF/RIPnRpwJAqLov6ouX3hMbY4+tKolP0VMF3zuIYCaXun+yHwS5IPQ91N2BT191g==",
      "dev": true,
      "hasInstallScript": true,
      "bin": {
        "esbuild": "bin/esbuild"
      },
      "engines": {
        "node": ">=12"
      },
      "optionalDependencies": {
        "@esbuild/android-arm": "0.17.8",
        "@esbuild/android-arm64": "0.17.8",
        "@esbuild/android-x64": "0.17.8",
        "@esbuild/darwin-arm64": "0.17.8",
        "@esbuild/darwin-x64": "0.17.8",
        "@esbuild/freebsd-arm64": "0.17.8",
        "@esbuild/freebsd-x64": "0.17.8",
        "@esbuild/linux-arm": "0.17.8",
        "@esbuild/linux-arm64": "0.17.8",
        "@esbuild/linux-ia32": "0.17.8",
        "@esbuild/linux-loong64": "0.17.8",
        "@esbuild/linux-mips64el": "0.17.8",
        "@esbuild/linux-ppc64": "0.17.8",
        "@esbuild/linux-riscv64": "0.17.8",
        "@esbuild/linux-s390x": "0.17.8",
        "@esbuild/linux-x64": "0.17.8",
        "@esbuild/netbsd-x64": "0.17.8",
        "@esbuild/openbsd-x64": "0.17.8",
        "@esbuild/sunos-x64": "0.17.8",
        "@esbuild/win32-arm64": "0.17.8",
        "@esbuild/win32-ia32": "0.17.8",
        "@esbuild/win32-x64": "0.17.8"
      }
    },
    "node_modules/escape-goat": {
      "version": "4.0.0",
      "resolved": "https://registry.npmjs.org/escape-goat/-/escape-goat-4.0.0.tgz",
      "integrity": "sha512-2Sd4ShcWxbx6OY1IHyla/CVNwvg7XwZVoXZHcSu9w9SReNP1EzzD5T8NWKIR38fIqEns9kDWKUQTXXAmlDrdPg==",
      "dev": true,
      "engines": {
        "node": ">=12"
      },
      "funding": {
        "url": "https://github.com/sponsors/sindresorhus"
      }
    },
    "node_modules/github-slugger": {
      "version": "2.0.0",
      "resolved": "https://registry.npmjs.org/github-slugger/-/github-slugger-2.0.0.tgz",
      "integrity": "sha512-IaOQ9puYtjrkq7Y0Ygl9KDZnrf/aiUJYUpVf89y8kyaxbRG7Y1SrX/jaumrv81vc61+kiMempujsM3Yw7w5qcw==",
      "dev": true
    },
    "node_modules/iconv-lite": {
      "version": "0.6.3",
      "resolved": "https://registry.npmjs.org/iconv-lite/-/iconv-lite-0.6.3.tgz",
      "integrity": "sha512-4fCk79wshMdzMp2rH06qWrJE4iolqLhCUH+OiuIgU++RB0+94NlDL81atO7GX55uUKueo0txHNtvEyI6D7WdMw==",
      "dev": true,
      "dependencies": {
        "safer-buffer": ">= 2.1.2 < 3.0.0"
      },
      "engines": {
        "node": ">=0.10.0"
      }
    },
    "node_modules/internmap": {
      "version": "2.0.3",
      "resolved": "https://registry.npmjs.org/internmap/-/internmap-2.0.3.tgz",
      "integrity": "sha512-5Hh7Y1wQbvY5ooGgPbDaL5iYLAPzMTUrjMulskHLH6wnv/A+1q5rgEaiuqEjB+oxGXIVZs1FF+R/KPN3ZSQYYg==",
      "dev": true,
      "engines": {
        "node": ">=12"
      }
    },
    "node_modules/js-yaml": {
      "version": "4.1.0",
      "resolved": "https://registry.npmjs.org/js-yaml/-/js-yaml-4.1.0.tgz",
      "integrity": "sha512-wpxZs9NoxZaJESJGIZTyDEaYpl0FKSA+FB9aJiyemKhMwkxQg63h4T1KJgUGHpTqPDNRcmmYLugrRjJlBtWvRA==",
      "dev": true,
      "dependencies": {
        "argparse": "^2.0.1"
      },
      "bin": {
        "js-yaml": "bin/js-yaml.js"
      }
    },
    "node_modules/katex": {
      "version": "0.16.4",
      "resolved": "https://registry.npmjs.org/katex/-/katex-0.16.4.tgz",
      "integrity": "sha512-WudRKUj8yyBeVDI4aYMNxhx5Vhh2PjpzQw1GRu/LVGqL4m1AxwD1GcUp0IMbdJaf5zsjtj8ghP0DOQRYhroNkw==",
      "dev": true,
      "funding": [
        "https://opencollective.com/katex",
        "https://github.com/sponsors/katex"
      ],
      "dependencies": {
        "commander": "^8.0.0"
      },
      "bin": {
        "katex": "cli.js"
      }
    },
    "node_modules/khroma": {
      "version": "2.0.0",
      "resolved": "https://registry.npmjs.org/khroma/-/khroma-2.0.0.tgz",
      "integrity": "sha512-2J8rDNlQWbtiNYThZRvmMv5yt44ZakX+Tz5ZIp/mN1pt4snn+m030Va5Z4v8xA0cQFDXBwO/8i42xL4QPsVk3g==",
      "dev": true
    },
    "node_modules/linkify-it": {
      "version": "4.0.1",
      "resolved": "https://registry.npmjs.org/linkify-it/-/linkify-it-4.0.1.tgz",
      "integrity": "sha512-C7bfi1UZmoj8+PQx22XyeXCuBlokoyWQL5pWSP+EI6nzRylyThouddufc2c1NDIcP9k5agmN9fLpA7VNJfIiqw==",
      "dev": true,
      "dependencies": {
        "uc.micro": "^1.0.1"
      }
    },
    "node_modules/lodash-es": {
      "version": "4.17.21",
      "resolved": "https://registry.npmjs.org/lodash-es/-/lodash-es-4.17.21.tgz",
      "integrity": "sha512-mKnC+QJ9pWVzv+C4/U3rRsHapFfHvQFoFB92e52xeyGMcX6/OlIl78je1u8vePzYZSkkogMPJ2yjxxsb89cxyw==",
      "dev": true
    },
    "node_modules/markdown-it-emoji": {
      "version": "2.0.2",
      "resolved": "https://registry.npmjs.org/markdown-it-emoji/-/markdown-it-emoji-2.0.2.tgz",
      "integrity": "sha512-zLftSaNrKuYl0kR5zm4gxXjHaOI3FAOEaloKmRA5hijmJZvSjmxcokOLlzycb/HXlUFWzXqpIEoyEMCE4i9MvQ==",
      "dev": true
    },
    "node_modules/marked": {
      "version": "4.2.12",
      "resolved": "https://registry.npmjs.org/marked/-/marked-4.2.12.tgz",
      "integrity": "sha512-yr8hSKa3Fv4D3jdZmtMMPghgVt6TWbk86WQaWhDloQjRSQhMMYCAro7jP7VDJrjjdV8pxVxMssXS8B8Y5DZ5aw==",
      "dev": true,
      "bin": {
        "marked": "bin/marked.js"
      },
      "engines": {
        "node": ">= 12"
      }
    },
    "node_modules/marked-linkify-it": {
      "version": "3.0.1",
      "resolved": "https://registry.npmjs.org/marked-linkify-it/-/marked-linkify-it-3.0.1.tgz",
      "integrity": "sha512-E06YCDuaezHRz3FEZaDB7lRZbZr8oRXQkuvTHtCJl1e9hI9bbiEqke1g9DfiGhSYV14DKk8vgtFZYbjIhrcC4Q==",
      "dev": true,
      "dependencies": {
        "linkify-it": "^4.0.1"
      },
      "peerDependencies": {
        "marked": "^4.2.5"
      }
    },
    "node_modules/mermaid": {
      "version": "9.3.0",
      "resolved": "https://registry.npmjs.org/mermaid/-/mermaid-9.3.0.tgz",
      "integrity": "sha512-mGl0BM19TD/HbU/LmlaZbjBi//tojelg8P/mxD6pPZTAYaI+VawcyBdqRsoUHSc7j71PrMdJ3HBadoQNdvP5cg==",
      "dev": true,
      "dependencies": {
        "@braintree/sanitize-url": "^6.0.0",
        "d3": "^7.0.0",
        "dagre-d3-es": "7.0.6",
        "dompurify": "2.4.1",
        "khroma": "^2.0.0",
        "lodash-es": "^4.17.21",
        "moment-mini": "^2.24.0",
        "non-layered-tidy-tree-layout": "^2.0.2",
        "stylis": "^4.1.2",
        "uuid": "^9.0.0"
      }
    },
    "node_modules/moment-mini": {
      "version": "2.29.4",
      "resolved": "https://registry.npmjs.org/moment-mini/-/moment-mini-2.29.4.tgz",
      "integrity": "sha512-uhXpYwHFeiTbY9KSgPPRoo1nt8OxNVdMVoTBYHfSEKeRkIkwGpO+gERmhuhBtzfaeOyTkykSrm2+noJBgqt3Hg==",
      "dev": true
    },
    "node_modules/mrmime": {
      "version": "1.0.1",
      "resolved": "https://registry.npmjs.org/mrmime/-/mrmime-1.0.1.tgz",
      "integrity": "sha512-hzzEagAgDyoU1Q6yg5uI+AorQgdvMCur3FcKf7NhMKWsaYg+RnbTyHRa/9IlLF9rf455MOCtcqqrQQ83pPP7Uw==",
      "dev": true,
      "engines": {
        "node": ">=10"
      }
    },
    "node_modules/non-layered-tidy-tree-layout": {
      "version": "2.0.2",
      "resolved": "https://registry.npmjs.org/non-layered-tidy-tree-layout/-/non-layered-tidy-tree-layout-2.0.2.tgz",
      "integrity": "sha512-gkXMxRzUH+PB0ax9dUN0yYF0S25BqeAYqhgMaLUFmpXLEk7Fcu8f4emJuOAY0V8kjDICxROIKsTAKsV/v355xw==",
      "dev": true
    },
    "node_modules/pretty-bytes": {
      "version": "6.1.0",
      "resolved": "https://registry.npmjs.org/pretty-bytes/-/pretty-bytes-6.1.0.tgz",
      "integrity": "sha512-Rk753HI8f4uivXi4ZCIYdhmG1V+WKzvRMg/X+M42a6t7D07RcmopXJMDNk6N++7Bl75URRGsb40ruvg7Hcp2wQ==",
      "dev": true,
      "engines": {
        "node": "^14.13.1 || >=16.0.0"
      },
      "funding": {
        "url": "https://github.com/sponsors/sindresorhus"
      }
    },
    "node_modules/robust-predicates": {
      "version": "3.0.1",
      "resolved": "https://registry.npmjs.org/robust-predicates/-/robust-predicates-3.0.1.tgz",
      "integrity": "sha512-ndEIpszUHiG4HtDsQLeIuMvRsDnn8c8rYStabochtUeCvfuvNptb5TUbVD68LRAILPX7p9nqQGh4xJgn3EHS/g==",
      "dev": true
    },
    "node_modules/rw": {
      "version": "1.3.3",
      "resolved": "https://registry.npmjs.org/rw/-/rw-1.3.3.tgz",
      "integrity": "sha512-PdhdWy89SiZogBLaw42zdeqtRJ//zFd2PgQavcICDUgJT5oW10QCRKbJ6bg4r0/UY2M6BWd5tkxuGFRvCkgfHQ==",
      "dev": true
    },
    "node_modules/safer-buffer": {
      "version": "2.1.2",
      "resolved": "https://registry.npmjs.org/safer-buffer/-/safer-buffer-2.1.2.tgz",
      "integrity": "sha512-YZo3K82SD7Riyi0E1EQPojLz7kpepnSQI9IyPbHHg1XXXevb5dJI7tpyN2ADxGcQbHG7vcyRHk0cbwqcQriUtg==",
      "dev": true
    },
    "node_modules/stylis": {
      "version": "4.1.3",
      "resolved": "https://registry.npmjs.org/stylis/-/stylis-4.1.3.tgz",
      "integrity": "sha512-GP6WDNWf+o403jrEp9c5jibKavrtLW+/qYGhFxFrG8maXhwTBI7gLLhiBb0o7uFccWN+EOS9aMO6cGHWAO07OA==",
      "dev": true
    },
    "node_modules/uc.micro": {
      "version": "1.0.6",
      "resolved": "https://registry.npmjs.org/uc.micro/-/uc.micro-1.0.6.tgz",
      "integrity": "sha512-8Y75pvTYkLJW2hWQHXxoqRgV7qb9B+9vFEtidML+7koHUFapnVJAZ6cKs+Qjz5Aw3aZWHMC6u0wJE3At+nSGwA==",
      "dev": true
    },
    "node_modules/uuid": {
      "version": "9.0.0",
      "resolved": "https://registry.npmjs.org/uuid/-/uuid-9.0.0.tgz",
      "integrity": "sha512-MXcSTerfPa4uqyzStbRoTgt5XIe3x5+42+q1sDuy3R5MDk66URdLMOZe5aPX/SQd+kuYAh0FdP/pO28IkQyTeg==",
      "dev": true,
      "bin": {
        "uuid": "dist/bin/uuid"
      }
    }
  }
}
